
Microsoft Visual Studio Solution File, Format Version 12.00
# Visual Studio Version 17
VisualStudioVersion = 17.9.34728.123
MinimumVisualStudioVersion = 10.0.40219.1
Project("{FAE04EC0-301F-11D3-BF4B-00C04F79EFBC}") = "JardinBontanico", "JardinBontanico.csproj", "{B396A966-D56E-4319-8A23-C15EEE49535E}"
EndProject
Global
	GlobalSection(SolutionConfigurationPlatforms) = preSolution
		Debug|Any CPU = Debug|Any CPU
		Release|Any CPU = Release|Any CPU
	EndGlobalSection
	GlobalSection(ProjectConfigurationPlatforms) = postSolution
		{B396A966-D56E-4319-8A23-C15EEE49535E}.Debug|Any CPU.ActiveCfg = Debug|Any CPU
		{B396A966-D56E-4319-8A23-C15EEE49535E}.Debug|Any CPU.Build.0 = Debug|Any CPU
		{B396A966-D56E-4319-8A23-C15EEE49535E}.Release|Any CPU.ActiveCfg = Release|Any CPU
		{B396A966-D56E-4319-8A23-C15EEE49535E}.Release|Any CPU.Build.0 = Release|Any CPU
	EndGlobalSection
	GlobalSection(SolutionProperties) = preSolution
		HideSolutionNode = FALSE
	EndGlobalSection
	GlobalSection(ExtensibilityGlobals) = postSolution
		SolutionGuid = {EAC71800-AE61-412D-9D5C-C4FA9095DD0D}
	EndGlobalSection
EndGlobal
